# This file is automatically @generated by Cargo.
# It is not intended for manual editing.
version = 4

[[package]]
name = "engine"
version = "0.1.0"
dependencies = [
 "engine_ai",
 "engine_animation",
 "engine_asset",
 "engine_audio",
 "engine_core",
 "engine_ecs",
 "engine_editor",
 "engine_network",
 "engine_physics",
 "engine_platform",
 "engine_renderer",
 "engine_scene",
 "engine_scripting",
 "engine_ui",
 "engine_utils",
]

[[package]]
name = "engine_ai"
version = "0.1.0"

[[package]]
name = "engine_animation"
version = "0.1.0"

[[package]]
name = "engine_asset"
version = "0.1.0"

[[package]]
name = "engine_audio"
version = "0.1.0"

[[package]]
name = "engine_core"
version = "0.1.0"

[[package]]
name = "engine_ecs"
version = "0.1.0"

[[package]]
name = "engine_editor"
version = "0.1.0"

[[package]]
name = "engine_network"
version = "0.1.0"

[[package]]
name = "engine_physics"
version = "0.1.0"

[[package]]
name = "engine_platform"
version = "0.1.0"

[[package]]
name = "engine_renderer"
version = "0.1.0"

[[package]]
name = "engine_scene"
version = "0.1.0"

[[package]]
name = "engine_scripting"
version = "0.1.0"

[[package]]
name = "engine_ui"
version = "0.1.0"

[[package]]
name = "engine_utils"
version = "0.1.0"

[[package]]
name = "game"
version = "0.1.0"
dependencies = [
 "engine",
]
